PODS:
  - Alamofire (4.9.1)
  - AlamofireOAuth1 (0.1.0):
    - Alamofire
    - KeychainAccess
  - KeychainAccess (4.1.0)

DEPENDENCIES:
  - Alamofire
  - AlamofireOAuth1

SPEC REPOS:
  trunk:
    - Alamofire
    - AlamofireOAuth1
    - KeychainAccess

SPEC CHECKSUMS:
  Alamofire: 85e8a02c69d6020a0d734f6054870d7ecb75cf18
  AlamofireOAuth1: 52322a92dc74ff04b07cb0ef5d2cf7722fe8f17f
  KeychainAccess: 445e28864fe6d3458b41fa211bcdc39890e8bd5a

PODFILE CHECKSUM: c5cfc73f30699ec86abd29bbe9ecb0d6b9f085a8

COCOAPODS: 1.8.4
