// !$*UTF8*$!
{
	archiveVersion = 1;
	classes = {
	};
	objectVersion = 50;
	objects = {

/* Begin PBXBuildFile section */
		A44C9C4D2391A9BA000DE383 /* AppDelegate.swift in Sources */ = {isa = PBXBuildFile; fileRef = A44C9C4C2391A9BA000DE383 /* AppDelegate.swift */; };
		A44C9C4F2391A9BA000DE383 /* SceneDelegate.swift in Sources */ = {isa = PBXBuildFile; fileRef = A44C9C4E2391A9BA000DE383 /* SceneDelegate.swift */; };
		A44C9C512391A9BA000DE383 /* ViewController.swift in Sources */ = {isa = PBXBuildFile; fileRef = A44C9C502391A9BA000DE383 /* ViewController.swift */; };
		A44C9C542391A9BA000DE383 /* Main.storyboard in Resources */ = {isa = PBXBuildFile; fileRef = A44C9C522391A9BA000DE383 /* Main.storyboard */; };
		A44C9C562391A9BB000DE383 /* Assets.xcassets in Resources */ = {isa = PBXBuildFile; fileRef = A44C9C552391A9BB000DE383 /* Assets.xcassets */; };
		A44C9C592391A9BB000DE383 /* LaunchScreen.storyboard in Resources */ = {isa = PBXBuildFile; fileRef = A44C9C572391A9BB000DE383 /* LaunchScreen.storyboard */; };
/* End PBXBuildFile section */

/* Begin PBXFileReference section */
		A44C9C492391A9BA000DE383 /* LayoutPriorities.app */ = {isa = PBXFileReference; explicitFileType = wrapper.application; includeInIndex = 0; path = LayoutPriorities.app; sourceTree = BUILT_PRODUCTS_DIR; };
		A44C9C4C2391A9BA000DE383 /* AppDelegate.swift */ = {isa = PBXFileReference; lastKnownFileType = sourcecode.swift; path = AppDelegate.swift; sourceTree = "<group>"; };
		A44C9C4E2391A9BA000DE383 /* SceneDelegate.swift */ = {isa = PBXFileReference; lastKnownFileType = sourcecode.swift; path = SceneDelegate.swift; sourceTree = "<group>"; };
		A44C9C502391A9BA000DE383 /* ViewController.swift */ = {isa = PBXFileReference; lastKnownFileType = sourcecode.swift; path = ViewController.swift; sourceTree = "<group>"; };
		A44C9C532391A9BA000DE383 /* Base */ = {isa = PBXFileReference; lastKnownFileType = file.storyboard; name = Base; path = Base.lproj/Main.storyboard; sourceTree = "<group>"; };
		A44C9C552391A9BB000DE383 /* Assets.xcassets */ = {isa = PBXFileReference; lastKnownFileType = folder.assetcatalog; path = Assets.xcassets; sourceTree = "<group>"; };
		A44C9C582391A9BB000DE383 /* Base */ = {isa = PBXFileReference; lastKnownFileType = file.storyboard; name = Base; path = Base.lproj/LaunchScreen.storyboard; sourceTree = "<group>"; };
		A44C9C5A2391A9BB000DE383 /* Info.plist */ = {isa = PBXFileReference; lastKnownFileType = text.plist.xml; path = Info.plist; sourceTree = "<group>"; };
/* End PBXFileReference section */

/* Begin PBXFrameworksBuildPhase section */
		A44C9C462391A9BA000DE383 /* Frameworks */ = {
			isa = PBXFrameworksBuildPhase;
			buildActionMask = 2147483647;
			files = (
			);
			runOnlyForDeploymentPostprocessing = 0;
		};
/* End PBXFrameworksBuildPhase section */

/* Begin PBXGroup section */
		A44C9C402391A9BA000DE383 = {
			isa = PBXGroup;
			children = (
				A44C9C4B2391A9BA000DE383 /* LayoutPriorities */,
				A44C9C4A2391A9BA000DE383 /* Products */,
			);
			sourceTree = "<group>";
		};
		A44C9C4A2391A9BA000DE383 /* Products */ = {
			isa = PBXGroup;
			children = (
				A44C9C492391A9BA000DE383 /* LayoutPriorities.app */,
			);
			name = Products;
			sourceTree = "<group>";
		};
		A44C9C4B2391A9BA000DE383 /* LayoutPriorities */ = {
			isa = PBXGroup;
			children = (
				A44C9C4C2391A9BA000DE383 /* AppDelegate.swift */,
				A44C9C4E2391A9BA000DE383 /* SceneDelegate.swift */,
				A44C9C502391A9BA000DE383 /* ViewController.swift */,
				A44C9C522391A9BA000DE383 /* Main.storyboard */,
				A44C9C552391A9BB000DE383 /* Assets.xcassets */,
				A44C9C572391A9BB000DE383 /* LaunchScreen.storyboard */,
				A44C9C5A2391A9BB000DE383 /* Info.plist */,
			);
			path = LayoutPriorities;
			sourceTree = "<group>";
		};
/* End PBXGroup section */

/* Begin PBXNativeTarget section */
		A44C9C482391A9BA000DE383 /* LayoutPriorities */ = {
			isa = PBXNativeTarget;
			buildConfigurationList = A44C9C5D2391A9BB000DE383 /* Build configuration list for PBXNativeTarget "LayoutPriorities" */;
			buildPhases = (
				A44C9C452391A9BA000DE383 /* Sources */,
				A44C9C462391A9BA000DE383 /* Frameworks */,
				A44C9C472391A9BA000DE383 /* Resources */,
			);
			buildRules = (
			);
			dependencies = (
			);
			name = LayoutPriorities;
			productName = LayoutPriorities;
			productReference = A44C9C492391A9BA000DE383 /* LayoutPriorities.app */;
			productType = "com.apple.product-type.application";
		};
/* End PBXNativeTarget section */

/* Begin PBXProject section */
		A44C9C412391A9BA000DE383 /* Project object */ = {
			isa = PBXProject;
			attributes = {
				LastSwiftUpdateCheck = 1120;
				LastUpgradeCheck = 1120;
				ORGANIZATIONNAME = "MacBook Pro ";
				TargetAttributes = {
					A44C9C482391A9BA000DE383 = {
						CreatedOnToolsVersion = 11.2.1;
					};
				};
			};
			buildConfigurationList = A44C9C442391A9BA000DE383 /* Build configuration list for PBXProject "LayoutPriorities" */;
			compatibilityVersion = "Xcode 9.3";
			developmentRegion = en;
			hasScannedForEncodings = 0;
			knownRegions = (
				en,
				Base,
			);
			mainGroup = A44C9C402391A9BA000DE383;
			productRefGroup = A44C9C4A2391A9BA000DE383 /* Products */;
			projectDirPath = "";
			projectRoot = "";
			targets = (
				A44C9C482391A9BA000DE383 /* LayoutPriorities */,
			);
		};
/* End PBXProject section */

/* Begin PBXResourcesBuildPhase section */
		A44C9C472391A9BA000DE383 /* Resources */ = {
			isa = PBXResourcesBuildPhase;
			buildActionMask = 2147483647;
			files = (
				A44C9C592391A9BB000DE383 /* LaunchScreen.storyboard in Resources */,
				A44C9C562391A9BB000DE383 /* Assets.xcassets in Resources */,
				A44C9C542391A9BA000DE383 /* Main.storyboard in Resources */,
			);
			runOnlyForDeploymentPostprocessing = 0;
		};
/* End PBXResourcesBuildPhase section */

/* Begin PBXSourcesBuildPhase section */
		A44C9C452391A9BA000DE383 /* Sources */ = {
			isa = PBXSourcesBuildPhase;
			buildActionMask = 2147483647;
			files = (
				A44C9C512391A9BA000DE383 /* ViewController.swift in Sources */,
				A44C9C4D2391A9BA000DE383 /* AppDelegate.swift in Sources */,
				A44C9C4F2391A9BA000DE383 /* SceneDelegate.swift in Sources */,
			);
			runOnlyForDeploymentPostprocessing = 0;
		};
/* End PBXSourcesBuildPhase section */

/* Begin PBXVariantGroup section */
		A44C9C522391A9BA000DE383 /* Main.storyboard */ = {
			isa = PBXVariantGroup;
			children = (
				A44C9C532391A9BA000DE383 /* Base */,
			);
			name = Main.storyboard;
			sourceTree = "<group>";
		};
		A44C9C572391A9BB000DE383 /* LaunchScreen.storyboard */ = {
			isa = PBXVariantGroup;
			children = (
				A44C9C582391A9BB000DE383 /* Base */,
			);
			name = LaunchScreen.storyboard;
			sourceTree = "<group>";
		};
/* End PBXVariantGroup section */

/* Begin XCBuildConfiguration section */
		A44C9C5B2391A9BB000DE383 /* Debug */ = {
			isa = XCBuildConfiguration;
			buildSettings = {
				ALWAYS_SEARCH_USER_PATHS = NO;
				CLANG_ANALYZER_NONNULL = YES;
				CLANG_ANALYZER_NUMBER_OBJECT_CONVERSION = YES_AGGRESSIVE;
				CLANG_CXX_LANGUAGE_STANDARD = "gnu++14";
				CLANG_CXX_LIBRARY = "libc++";
				CLANG_ENABLE_MODULES = YES;
				CLANG_ENABLE_OBJC_ARC = YES;
				CLANG_ENABLE_OBJC_WEAK = YES;
				CLANG_WARN_BLOCK_CAPTURE_AUTORELEASING = YES;
				CLANG_WARN_BOOL_CONVERSION = YES;
				CLANG_WARN_COMMA = YES;
				CLANG_WARN_CONSTANT_CONVERSION = YES;
				CLANG_WARN_DEPRECATED_OBJC_IMPLEMENTATIONS = YES;
				CLANG_WARN_DIRECT_OBJC_ISA_USAGE = YES_ERROR;
				CLANG_WARN_DOCUMENTATION_COMMENTS = YES;
				CLANG_WARN_EMPTY_BODY = YES;
				CLANG_WARN_ENUM_CONVERSION = YES;
				CLANG_WARN_INFINITE_RECURSION = YES;
				CLANG_WARN_INT_CONVERSION = YES;
				CLANG_WARN_NON_LITERAL_NULL_CONVERSION = YES;
				CLANG_WARN_OBJC_IMPLICIT_RETAIN_SELF = YES;
				CLANG_WARN_OBJC_LITERAL_CONVERSION = YES;
				CLANG_WARN_OBJC_ROOT_CLASS = YES_ERROR;
				CLANG_WARN_RANGE_LOOP_ANALYSIS = YES;
				CLANG_WARN_STRICT_PROTOTYPES = YES;
				CLANG_WARN_SUSPICIOUS_MOVE = YES;
				CLANG_WARN_UNGUARDED_AVAILABILITY = YES_AGGRESSIVE;
				CLANG_WARN_UNREACHABLE_CODE = YES;
				CLANG_WARN__DUPLICATE_METHOD_MATCH = YES;
				COPY_PHASE_STRIP = NO;
				DEBUG_INFORMATION_FORMAT = dwarf;
				ENABLE_STRICT_OBJC_MSGSEND = YES;
				ENABLE_TESTABILITY = YES;
				GCC_C_LANGUAGE_STANDARD = gnu11;
				GCC_DYNAMIC_NO_PIC = NO;
				GCC_NO_COMMON_BLOCKS = YES;
				GCC_OPTIMIZATION_LEVEL = 0;
				GCC_PREPROCESSOR_DEFINITIONS = (
					"DEBUG=1",
					"$(inherited)",
				);
				GCC_WARN_64_TO_32_BIT_CONVERSION = YES;
				GCC_WARN_ABOUT_RETURN_TYPE = YES_ERROR;
				GCC_WARN_UNDECLARED_SELECTOR = YES;
				GCC_WARN_UNINITIALIZED_AUTOS = YES_AGGRESSIVE;
				GCC_WARN_UNUSED_FUNCTION = YES;
				GCC_WARN_UNUSED_VARIABLE = YES;
				IPHONEOS_DEPLOYMENT_TARGET = 13.2;
				MTL_ENABLE_DEBUG_INFO = INCLUDE_SOURCE;
				MTL_FAST_MATH = YES;
				ONLY_ACTIVE_ARCH = YES;
				SDKROOT = iphoneos;
				SWIFT_ACTIVE_COMPILATION_CONDITIONS = DEBUG;
				SWIFT_OPTIMIZATION_LEVEL = "-Onone";
			};
			name = Debug;
		};
		A44C9C5C2391A9BB000DE383 /* Release */ = {
			isa = XCBuildConfiguration;
			buildSettings = {
				ALWAYS_SEARCH_USER_PATHS = NO;
				CLANG_ANALYZER_NONNULL = YES;
				CLANG_ANALYZER_NUMBER_OBJECT_CONVERSION = YES_AGGRESSIVE;
				CLANG_CXX_LANGUAGE_STANDARD = "gnu++14";
				CLANG_CXX_LIBRARY = "libc++";
				CLANG_ENABLE_MODULES = YES;
				CLANG_ENABLE_OBJC_ARC = YES;
				CLANG_ENABLE_OBJC_WEAK = YES;
				CLANG_WARN_BLOCK_CAPTURE_AUTORELEASING = YES;
				CLANG_WARN_BOOL_CONVERSION = YES;
				CLANG_WARN_COMMA = YES;
				CLANG_WARN_CONSTANT_CONVERSION = YES;
				CLANG_WARN_DEPRECATED_OBJC_IMPLEMENTATIONS = YES;
				CLANG_WARN_DIRECT_OBJC_ISA_USAGE = YES_ERROR;
				CLANG_WARN_DOCUMENTATION_COMMENTS = YES;
				CLANG_WARN_EMPTY_BODY = YES;
				CLANG_WARN_ENUM_CONVERSION = YES;
				CLANG_WARN_INFINITE_RECURSION = YES;
				CLANG_WARN_INT_CONVERSION = YES;
				CLANG_WARN_NON_LITERAL_NULL_CONVERSION = YES;
				CLANG_WARN_OBJC_IMPLICIT_RETAIN_SELF = YES;
				CLANG_WARN_OBJC_LITERAL_CONVERSION = YES;
				CLANG_WARN_OBJC_ROOT_CLASS = YES_ERROR;
				CLANG_WARN_RANGE_LOOP_ANALYSIS = YES;
				CLANG_WARN_STRICT_PROTOTYPES = YES;
				CLANG_WARN_SUSPICIOUS_MOVE = YES;
				CLANG_WARN_UNGUARDED_AVAILABILITY = YES_AGGRESSIVE;
				CLANG_WARN_UNREACHABLE_CODE = YES;
				CLANG_WARN__DUPLICATE_METHOD_MATCH = YES;
				COPY_PHASE_STRIP = NO;
				DEBUG_INFORMATION_FORMAT = "dwarf-with-dsym";
				ENABLE_NS_ASSERTIONS = NO;
				ENABLE_STRICT_OBJC_MSGSEND = YES;
				GCC_C_LANGUAGE_STANDARD = gnu11;
				GCC_NO_COMMON_BLOCKS = YES;
				GCC_WARN_64_TO_32_BIT_CONVERSION = YES;
				GCC_WARN_ABOUT_RETURN_TYPE = YES_ERROR;
				GCC_WARN_UNDECLARED_SELECTOR = YES;
				GCC_WARN_UNINITIALIZED_AUTOS = YES_AGGRESSIVE;
				GCC_WARN_UNUSED_FUNCTION = YES;
				GCC_WARN_UNUSED_VARIABLE = YES;
				IPHONEOS_DEPLOYMENT_TARGET = 13.2;
				MTL_ENABLE_DEBUG_INFO = NO;
				MTL_FAST_MATH = YES;
				SDKROOT = iphoneos;
				SWIFT_COMPILATION_MODE = wholemodule;
				SWIFT_OPTIMIZATION_LEVEL = "-O";
				VALIDATE_PRODUCT = YES;
			};
			name = Release;
		};
		A44C9C5E2391A9BB000DE383 /* Debug */ = {
			isa = XCBuildConfiguration;
			buildSettings = {
				ASSETCATALOG_COMPILER_APPICON_NAME = AppIcon;
				CODE_SIGN_STYLE = Automatic;
				DEVELOPMENT_TEAM = 5K3P59GZXG;
				INFOPLIST_FILE = LayoutPriorities/Info.plist;
				LD_RUNPATH_SEARCH_PATHS = (
					"$(inherited)",
					"@executable_path/Frameworks",
				);
				PRODUCT_BUNDLE_IDENTIFIER = makarevich.LayoutPriorities;
				PRODUCT_NAME = "$(TARGET_NAME)";
				SWIFT_VERSION = 5.0;
				TARGETED_DEVICE_FAMILY = "1,2";
			};
			name = Debug;
		};
		A44C9C5F2391A9BB000DE383 /* Release */ = {
			isa = XCBuildConfiguration;
			buildSettings = {
				ASSETCATALOG_COMPILER_APPICON_NAME = AppIcon;
				CODE_SIGN_STYLE = Automatic;
				DEVELOPMENT_TEAM = 5K3P59GZXG;
				INFOPLIST_FILE = LayoutPriorities/Info.plist;
				LD_RUNPATH_SEARCH_PATHS = (
					"$(inherited)",
					"@executable_path/Frameworks",
				);
				PRODUCT_BUNDLE_IDENTIFIER = makarevich.LayoutPriorities;
				PRODUCT_NAME = "$(TARGET_NAME)";
				SWIFT_VERSION = 5.0;
				TARGETED_DEVICE_FAMILY = "1,2";
			};
			name = Release;
		};
/* End XCBuildConfiguration section */

/* Begin XCConfigurationList section */
		A44C9C442391A9BA000DE383 /* Build configuration list for PBXProject "LayoutPriorities" */ = {
			isa = XCConfigurationList;
			buildConfigurations = (
				A44C9C5B2391A9BB000DE383 /* Debug */,
				A44C9C5C2391A9BB000DE383 /* Release */,
			);
			defaultConfigurationIsVisible = 0;
			defaultConfigurationName = Release;
		};
		A44C9C5D2391A9BB000DE383 /* Build configuration list for PBXNativeTarget "LayoutPriorities" */ = {
			isa = XCConfigurationList;
			buildConfigurations = (
				A44C9C5E2391A9BB000DE383 /* Debug */,
				A44C9C5F2391A9BB000DE383 /* Release */,
			);
			defaultConfigurationIsVisible = 0;
			defaultConfigurationName = Release;
		};
/* End XCConfigurationList section */
	};
	rootObject = A44C9C412391A9BA000DE383 /* Project object */;
}
