// !$*UTF8*$!
{
	archiveVersion = 1;
	classes = {
	};
	objectVersion = 50;
	objects = {

/* Begin PBXBuildFile section */
		A409537D23FFCAA3005CD708 /* AppDelegate.swift in Sources */ = {isa = PBXBuildFile; fileRef = A409537C23FFCAA3005CD708 /* AppDelegate.swift */; };
		A409537F23FFCAA3005CD708 /* SceneDelegate.swift in Sources */ = {isa = PBXBuildFile; fileRef = A409537E23FFCAA3005CD708 /* SceneDelegate.swift */; };
		A409538123FFCAA3005CD708 /* ViewController.swift in Sources */ = {isa = PBXBuildFile; fileRef = A409538023FFCAA3005CD708 /* ViewController.swift */; };
		A409538423FFCAA3005CD708 /* Main.storyboard in Resources */ = {isa = PBXBuildFile; fileRef = A409538223FFCAA3005CD708 /* Main.storyboard */; };
		A409538623FFCAA4005CD708 /* Assets.xcassets in Resources */ = {isa = PBXBuildFile; fileRef = A409538523FFCAA4005CD708 /* Assets.xcassets */; };
		A409538923FFCAA4005CD708 /* LaunchScreen.storyboard in Resources */ = {isa = PBXBuildFile; fileRef = A409538723FFCAA4005CD708 /* LaunchScreen.storyboard */; };
		A409539123FFCAD2005CD708 /* Logger.swift in Sources */ = {isa = PBXBuildFile; fileRef = A409539023FFCAD2005CD708 /* Logger.swift */; };
/* End PBXBuildFile section */

/* Begin PBXFileReference section */
		A409537923FFCAA3005CD708 /* testLogging.app */ = {isa = PBXFileReference; explicitFileType = wrapper.application; includeInIndex = 0; path = testLogging.app; sourceTree = BUILT_PRODUCTS_DIR; };
		A409537C23FFCAA3005CD708 /* AppDelegate.swift */ = {isa = PBXFileReference; lastKnownFileType = sourcecode.swift; path = AppDelegate.swift; sourceTree = "<group>"; };
		A409537E23FFCAA3005CD708 /* SceneDelegate.swift */ = {isa = PBXFileReference; lastKnownFileType = sourcecode.swift; path = SceneDelegate.swift; sourceTree = "<group>"; };
		A409538023FFCAA3005CD708 /* ViewController.swift */ = {isa = PBXFileReference; lastKnownFileType = sourcecode.swift; path = ViewController.swift; sourceTree = "<group>"; };
		A409538323FFCAA3005CD708 /* Base */ = {isa = PBXFileReference; lastKnownFileType = file.storyboard; name = Base; path = Base.lproj/Main.storyboard; sourceTree = "<group>"; };
		A409538523FFCAA4005CD708 /* Assets.xcassets */ = {isa = PBXFileReference; lastKnownFileType = folder.assetcatalog; path = Assets.xcassets; sourceTree = "<group>"; };
		A409538823FFCAA4005CD708 /* Base */ = {isa = PBXFileReference; lastKnownFileType = file.storyboard; name = Base; path = Base.lproj/LaunchScreen.storyboard; sourceTree = "<group>"; };
		A409538A23FFCAA4005CD708 /* Info.plist */ = {isa = PBXFileReference; lastKnownFileType = text.plist.xml; path = Info.plist; sourceTree = "<group>"; };
		A409539023FFCAD2005CD708 /* Logger.swift */ = {isa = PBXFileReference; lastKnownFileType = sourcecode.swift; path = Logger.swift; sourceTree = "<group>"; };
/* End PBXFileReference section */

/* Begin PBXFrameworksBuildPhase section */
		A409537623FFCAA3005CD708 /* Frameworks */ = {
			isa = PBXFrameworksBuildPhase;
			buildActionMask = 2147483647;
			files = (
			);
			runOnlyForDeploymentPostprocessing = 0;
		};
/* End PBXFrameworksBuildPhase section */

/* Begin PBXGroup section */
		A409537023FFCAA2005CD708 = {
			isa = PBXGroup;
			children = (
				A409537B23FFCAA3005CD708 /* testLogging */,
				A409537A23FFCAA3005CD708 /* Products */,
			);
			sourceTree = "<group>";
		};
		A409537A23FFCAA3005CD708 /* Products */ = {
			isa = PBXGroup;
			children = (
				A409537923FFCAA3005CD708 /* testLogging.app */,
			);
			name = Products;
			sourceTree = "<group>";
		};
		A409537B23FFCAA3005CD708 /* testLogging */ = {
			isa = PBXGroup;
			children = (
				A409537C23FFCAA3005CD708 /* AppDelegate.swift */,
				A409537E23FFCAA3005CD708 /* SceneDelegate.swift */,
				A409538023FFCAA3005CD708 /* ViewController.swift */,
				A409539023FFCAD2005CD708 /* Logger.swift */,
				A409538223FFCAA3005CD708 /* Main.storyboard */,
				A409538523FFCAA4005CD708 /* Assets.xcassets */,
				A409538723FFCAA4005CD708 /* LaunchScreen.storyboard */,
				A409538A23FFCAA4005CD708 /* Info.plist */,
			);
			path = testLogging;
			sourceTree = "<group>";
		};
/* End PBXGroup section */

/* Begin PBXNativeTarget section */
		A409537823FFCAA3005CD708 /* testLogging */ = {
			isa = PBXNativeTarget;
			buildConfigurationList = A409538D23FFCAA4005CD708 /* Build configuration list for PBXNativeTarget "testLogging" */;
			buildPhases = (
				A409537523FFCAA3005CD708 /* Sources */,
				A409537623FFCAA3005CD708 /* Frameworks */,
				A409537723FFCAA3005CD708 /* Resources */,
			);
			buildRules = (
			);
			dependencies = (
			);
			name = testLogging;
			productName = testLogging;
			productReference = A409537923FFCAA3005CD708 /* testLogging.app */;
			productType = "com.apple.product-type.application";
		};
/* End PBXNativeTarget section */

/* Begin PBXProject section */
		A409537123FFCAA2005CD708 /* Project object */ = {
			isa = PBXProject;
			attributes = {
				LastSwiftUpdateCheck = 1130;
				LastUpgradeCheck = 1130;
				ORGANIZATIONNAME = apalon;
				TargetAttributes = {
					A409537823FFCAA3005CD708 = {
						CreatedOnToolsVersion = 11.3.1;
					};
				};
			};
			buildConfigurationList = A409537423FFCAA2005CD708 /* Build configuration list for PBXProject "testLogging" */;
			compatibilityVersion = "Xcode 9.3";
			developmentRegion = en;
			hasScannedForEncodings = 0;
			knownRegions = (
				en,
				Base,
			);
			mainGroup = A409537023FFCAA2005CD708;
			productRefGroup = A409537A23FFCAA3005CD708 /* Products */;
			projectDirPath = "";
			projectRoot = "";
			targets = (
				A409537823FFCAA3005CD708 /* testLogging */,
			);
		};
/* End PBXProject section */

/* Begin PBXResourcesBuildPhase section */
		A409537723FFCAA3005CD708 /* Resources */ = {
			isa = PBXResourcesBuildPhase;
			buildActionMask = 2147483647;
			files = (
				A409538923FFCAA4005CD708 /* LaunchScreen.storyboard in Resources */,
				A409538623FFCAA4005CD708 /* Assets.xcassets in Resources */,
				A409538423FFCAA3005CD708 /* Main.storyboard in Resources */,
			);
			runOnlyForDeploymentPostprocessing = 0;
		};
/* End PBXResourcesBuildPhase section */

/* Begin PBXSourcesBuildPhase section */
		A409537523FFCAA3005CD708 /* Sources */ = {
			isa = PBXSourcesBuildPhase;
			buildActionMask = 2147483647;
			files = (
				A409538123FFCAA3005CD708 /* ViewController.swift in Sources */,
				A409537D23FFCAA3005CD708 /* AppDelegate.swift in Sources */,
				A409537F23FFCAA3005CD708 /* SceneDelegate.swift in Sources */,
				A409539123FFCAD2005CD708 /* Logger.swift in Sources */,
			);
			runOnlyForDeploymentPostprocessing = 0;
		};
/* End PBXSourcesBuildPhase section */

/* Begin PBXVariantGroup section */
		A409538223FFCAA3005CD708 /* Main.storyboard */ = {
			isa = PBXVariantGroup;
			children = (
				A409538323FFCAA3005CD708 /* Base */,
			);
			name = Main.storyboard;
			sourceTree = "<group>";
		};
		A409538723FFCAA4005CD708 /* LaunchScreen.storyboard */ = {
			isa = PBXVariantGroup;
			children = (
				A409538823FFCAA4005CD708 /* Base */,
			);
			name = LaunchScreen.storyboard;
			sourceTree = "<group>";
		};
/* End PBXVariantGroup section */

/* Begin XCBuildConfiguration section */
		A409538B23FFCAA4005CD708 /* Debug */ = {
			isa = XCBuildConfiguration;
			buildSettings = {
				ALWAYS_SEARCH_USER_PATHS = NO;
				CLANG_ANALYZER_NONNULL = YES;
				CLANG_ANALYZER_NUMBER_OBJECT_CONVERSION = YES_AGGRESSIVE;
				CLANG_CXX_LANGUAGE_STANDARD = "gnu++14";
				CLANG_CXX_LIBRARY = "libc++";
				CLANG_ENABLE_MODULES = YES;
				CLANG_ENABLE_OBJC_ARC = YES;
				CLANG_ENABLE_OBJC_WEAK = YES;
				CLANG_WARN_BLOCK_CAPTURE_AUTORELEASING = YES;
				CLANG_WARN_BOOL_CONVERSION = YES;
				CLANG_WARN_COMMA = YES;
				CLANG_WARN_CONSTANT_CONVERSION = YES;
				CLANG_WARN_DEPRECATED_OBJC_IMPLEMENTATIONS = YES;
				CLANG_WARN_DIRECT_OBJC_ISA_USAGE = YES_ERROR;
				CLANG_WARN_DOCUMENTATION_COMMENTS = YES;
				CLANG_WARN_EMPTY_BODY = YES;
				CLANG_WARN_ENUM_CONVERSION = YES;
				CLANG_WARN_INFINITE_RECURSION = YES;
				CLANG_WARN_INT_CONVERSION = YES;
				CLANG_WARN_NON_LITERAL_NULL_CONVERSION = YES;
				CLANG_WARN_OBJC_IMPLICIT_RETAIN_SELF = YES;
				CLANG_WARN_OBJC_LITERAL_CONVERSION = YES;
				CLANG_WARN_OBJC_ROOT_CLASS = YES_ERROR;
				CLANG_WARN_RANGE_LOOP_ANALYSIS = YES;
				CLANG_WARN_STRICT_PROTOTYPES = YES;
				CLANG_WARN_SUSPICIOUS_MOVE = YES;
				CLANG_WARN_UNGUARDED_AVAILABILITY = YES_AGGRESSIVE;
				CLANG_WARN_UNREACHABLE_CODE = YES;
				CLANG_WARN__DUPLICATE_METHOD_MATCH = YES;
				COPY_PHASE_STRIP = NO;
				DEBUG_INFORMATION_FORMAT = dwarf;
				ENABLE_STRICT_OBJC_MSGSEND = YES;
				ENABLE_TESTABILITY = YES;
				GCC_C_LANGUAGE_STANDARD = gnu11;
				GCC_DYNAMIC_NO_PIC = NO;
				GCC_NO_COMMON_BLOCKS = YES;
				GCC_OPTIMIZATION_LEVEL = 0;
				GCC_PREPROCESSOR_DEFINITIONS = (
					"DEBUG=1",
					"$(inherited)",
				);
				GCC_WARN_64_TO_32_BIT_CONVERSION = YES;
				GCC_WARN_ABOUT_RETURN_TYPE = YES_ERROR;
				GCC_WARN_UNDECLARED_SELECTOR = YES;
				GCC_WARN_UNINITIALIZED_AUTOS = YES_AGGRESSIVE;
				GCC_WARN_UNUSED_FUNCTION = YES;
				GCC_WARN_UNUSED_VARIABLE = YES;
				IPHONEOS_DEPLOYMENT_TARGET = 13.2;
				MTL_ENABLE_DEBUG_INFO = INCLUDE_SOURCE;
				MTL_FAST_MATH = YES;
				ONLY_ACTIVE_ARCH = YES;
				SDKROOT = iphoneos;
				SWIFT_ACTIVE_COMPILATION_CONDITIONS = DEBUG;
				SWIFT_OPTIMIZATION_LEVEL = "-Onone";
			};
			name = Debug;
		};
		A409538C23FFCAA4005CD708 /* Release */ = {
			isa = XCBuildConfiguration;
			buildSettings = {
				ALWAYS_SEARCH_USER_PATHS = NO;
				CLANG_ANALYZER_NONNULL = YES;
				CLANG_ANALYZER_NUMBER_OBJECT_CONVERSION = YES_AGGRESSIVE;
				CLANG_CXX_LANGUAGE_STANDARD = "gnu++14";
				CLANG_CXX_LIBRARY = "libc++";
				CLANG_ENABLE_MODULES = YES;
				CLANG_ENABLE_OBJC_ARC = YES;
				CLANG_ENABLE_OBJC_WEAK = YES;
				CLANG_WARN_BLOCK_CAPTURE_AUTORELEASING = YES;
				CLANG_WARN_BOOL_CONVERSION = YES;
				CLANG_WARN_COMMA = YES;
				CLANG_WARN_CONSTANT_CONVERSION = YES;
				CLANG_WARN_DEPRECATED_OBJC_IMPLEMENTATIONS = YES;
				CLANG_WARN_DIRECT_OBJC_ISA_USAGE = YES_ERROR;
				CLANG_WARN_DOCUMENTATION_COMMENTS = YES;
				CLANG_WARN_EMPTY_BODY = YES;
				CLANG_WARN_ENUM_CONVERSION = YES;
				CLANG_WARN_INFINITE_RECURSION = YES;
				CLANG_WARN_INT_CONVERSION = YES;
				CLANG_WARN_NON_LITERAL_NULL_CONVERSION = YES;
				CLANG_WARN_OBJC_IMPLICIT_RETAIN_SELF = YES;
				CLANG_WARN_OBJC_LITERAL_CONVERSION = YES;
				CLANG_WARN_OBJC_ROOT_CLASS = YES_ERROR;
				CLANG_WARN_RANGE_LOOP_ANALYSIS = YES;
				CLANG_WARN_STRICT_PROTOTYPES = YES;
				CLANG_WARN_SUSPICIOUS_MOVE = YES;
				CLANG_WARN_UNGUARDED_AVAILABILITY = YES_AGGRESSIVE;
				CLANG_WARN_UNREACHABLE_CODE = YES;
				CLANG_WARN__DUPLICATE_METHOD_MATCH = YES;
				COPY_PHASE_STRIP = NO;
				DEBUG_INFORMATION_FORMAT = "dwarf-with-dsym";
				ENABLE_NS_ASSERTIONS = NO;
				ENABLE_STRICT_OBJC_MSGSEND = YES;
				GCC_C_LANGUAGE_STANDARD = gnu11;
				GCC_NO_COMMON_BLOCKS = YES;
				GCC_WARN_64_TO_32_BIT_CONVERSION = YES;
				GCC_WARN_ABOUT_RETURN_TYPE = YES_ERROR;
				GCC_WARN_UNDECLARED_SELECTOR = YES;
				GCC_WARN_UNINITIALIZED_AUTOS = YES_AGGRESSIVE;
				GCC_WARN_UNUSED_FUNCTION = YES;
				GCC_WARN_UNUSED_VARIABLE = YES;
				IPHONEOS_DEPLOYMENT_TARGET = 13.2;
				MTL_ENABLE_DEBUG_INFO = NO;
				MTL_FAST_MATH = YES;
				SDKROOT = iphoneos;
				SWIFT_COMPILATION_MODE = wholemodule;
				SWIFT_OPTIMIZATION_LEVEL = "-O";
				VALIDATE_PRODUCT = YES;
			};
			name = Release;
		};
		A409538E23FFCAA4005CD708 /* Debug */ = {
			isa = XCBuildConfiguration;
			buildSettings = {
				ASSETCATALOG_COMPILER_APPICON_NAME = AppIcon;
				CODE_SIGN_IDENTITY = "iPhone Developer";
				CODE_SIGN_STYLE = Manual;
				DEVELOPMENT_TEAM = H93M8946AV;
				INFOPLIST_FILE = testLogging/Info.plist;
				LD_RUNPATH_SEARCH_PATHS = (
					"$(inherited)",
					"@executable_path/Frameworks",
				);
				PRODUCT_BUNDLE_IDENTIFIER = "com.apalonapps.-";
				PRODUCT_NAME = "$(TARGET_NAME)";
				PROVISIONING_PROFILE_SPECIFIER = "match Development com.apalonapps.*";
				SWIFT_VERSION = 5.0;
				TARGETED_DEVICE_FAMILY = "1,2";
			};
			name = Debug;
		};
		A409538F23FFCAA4005CD708 /* Release */ = {
			isa = XCBuildConfiguration;
			buildSettings = {
				ASSETCATALOG_COMPILER_APPICON_NAME = AppIcon;
				CODE_SIGN_IDENTITY = "iPhone Developer";
				CODE_SIGN_STYLE = Manual;
				DEVELOPMENT_TEAM = H93M8946AV;
				INFOPLIST_FILE = testLogging/Info.plist;
				LD_RUNPATH_SEARCH_PATHS = (
					"$(inherited)",
					"@executable_path/Frameworks",
				);
				PRODUCT_BUNDLE_IDENTIFIER = "com.apalonapps.-";
				PRODUCT_NAME = "$(TARGET_NAME)";
				PROVISIONING_PROFILE_SPECIFIER = "match Development com.apalonapps.*";
				SWIFT_VERSION = 5.0;
				TARGETED_DEVICE_FAMILY = "1,2";
			};
			name = Release;
		};
/* End XCBuildConfiguration section */

/* Begin XCConfigurationList section */
		A409537423FFCAA2005CD708 /* Build configuration list for PBXProject "testLogging" */ = {
			isa = XCConfigurationList;
			buildConfigurations = (
				A409538B23FFCAA4005CD708 /* Debug */,
				A409538C23FFCAA4005CD708 /* Release */,
			);
			defaultConfigurationIsVisible = 0;
			defaultConfigurationName = Release;
		};
		A409538D23FFCAA4005CD708 /* Build configuration list for PBXNativeTarget "testLogging" */ = {
			isa = XCConfigurationList;
			buildConfigurations = (
				A409538E23FFCAA4005CD708 /* Debug */,
				A409538F23FFCAA4005CD708 /* Release */,
			);
			defaultConfigurationIsVisible = 0;
			defaultConfigurationName = Release;
		};
/* End XCConfigurationList section */
	};
	rootObject = A409537123FFCAA2005CD708 /* Project object */;
}
